
Microsoft Visual Studio Solution File, Format Version 12.00
# Visual Studio Version 17
VisualStudioVersion = 17.9.34723.18
MinimumVisualStudioVersion = 10.0.40219.1
Project("{2150E333-8FDC-42A3-9474-1A3956D46DE8}") = "Frms", "Frms", "{1BBEE777-2368-4328-8E5C-B5EB8B0A00F2}"
EndProject
Project("{2150E333-8FDC-42A3-9474-1A3956D46DE8}") = "TST", "TST", "{86332D52-BCAE-4A11-BFEC-406E62D43AB6}"
EndProject
Project("{9A19103F-16F7-4668-BE54-9A1E7A4F7556}") = "FormMain", "FromMain\FormMain.csproj", "{E53EB4AE-C986-421D-9703-D9428E91C534}"
EndProject
Project("{2150E333-8FDC-42A3-9474-1A3956D46DE8}") = "EpicV003", "EpicV003", "{168E1090-3042-4A6C-9083-B27D6B596833}"
EndProject
Project("{9A19103F-16F7-4668-BE54-9A1E7A4F7556}") = "Ctrls", "EpicV003\Ctrls\Ctrls.csproj", "{99A3EED7-0786-4DE3-A09F-FF9684F2CC17}"
EndProject
Project("{9A19103F-16F7-4668-BE54-9A1E7A4F7556}") = "Lib", "EpicV003\Lib\Lib.csproj", "{8EB00C3F-E998-43DC-8355-3F28BFCEB6A4}"
EndProject
Project("{9A19103F-16F7-4668-BE54-9A1E7A4F7556}") = "FRWCDE", "Frms\FRWCDE\FRWCDE.csproj", "{D88DFB9C-B9B4-49C5-B937-9CCF00087A3A}"
EndProject
Project("{9A19103F-16F7-4668-BE54-9A1E7A4F7556}") = "FRMLOD", "Frms\FRMLOD\FRMLOD.csproj", "{BB294989-E987-4980-9887-9E267A265906}"
EndProject
Project("{FAE04EC0-301F-11D3-BF4B-00C04F79EFBC}") = "DesignerV003", "Frms\DesignerV003\DesignerV003.csproj", "{2662890E-5A33-41E6-85D0-470DEE4CADB7}"
EndProject
Project("{9A19103F-16F7-4668-BE54-9A1E7A4F7556}") = "WRKGRD", "Frms\WRKGRD\WRKGRD.csproj", "{22C9E033-C824-4561-B4E0-BCEF5A6B2BF0}"
EndProject
Global
	GlobalSection(SolutionConfigurationPlatforms) = preSolution
		Debug|Any CPU = Debug|Any CPU
		Release|Any CPU = Release|Any CPU
	EndGlobalSection
	GlobalSection(ProjectConfigurationPlatforms) = postSolution
		{E53EB4AE-C986-421D-9703-D9428E91C534}.Debug|Any CPU.ActiveCfg = Debug|Any CPU
		{E53EB4AE-C986-421D-9703-D9428E91C534}.Debug|Any CPU.Build.0 = Debug|Any CPU
		{E53EB4AE-C986-421D-9703-D9428E91C534}.Release|Any CPU.ActiveCfg = Release|Any CPU
		{E53EB4AE-C986-421D-9703-D9428E91C534}.Release|Any CPU.Build.0 = Release|Any CPU
		{99A3EED7-0786-4DE3-A09F-FF9684F2CC17}.Debug|Any CPU.ActiveCfg = Debug|Any CPU
		{99A3EED7-0786-4DE3-A09F-FF9684F2CC17}.Debug|Any CPU.Build.0 = Debug|Any CPU
		{99A3EED7-0786-4DE3-A09F-FF9684F2CC17}.Release|Any CPU.ActiveCfg = Release|Any CPU
		{99A3EED7-0786-4DE3-A09F-FF9684F2CC17}.Release|Any CPU.Build.0 = Release|Any CPU
		{8EB00C3F-E998-43DC-8355-3F28BFCEB6A4}.Debug|Any CPU.ActiveCfg = Debug|Any CPU
		{8EB00C3F-E998-43DC-8355-3F28BFCEB6A4}.Debug|Any CPU.Build.0 = Debug|Any CPU
		{8EB00C3F-E998-43DC-8355-3F28BFCEB6A4}.Release|Any CPU.ActiveCfg = Release|Any CPU
		{8EB00C3F-E998-43DC-8355-3F28BFCEB6A4}.Release|Any CPU.Build.0 = Release|Any CPU
		{D88DFB9C-B9B4-49C5-B937-9CCF00087A3A}.Debug|Any CPU.ActiveCfg = Debug|Any CPU
		{D88DFB9C-B9B4-49C5-B937-9CCF00087A3A}.Debug|Any CPU.Build.0 = Debug|Any CPU
		{D88DFB9C-B9B4-49C5-B937-9CCF00087A3A}.Release|Any CPU.ActiveCfg = Release|Any CPU
		{D88DFB9C-B9B4-49C5-B937-9CCF00087A3A}.Release|Any CPU.Build.0 = Release|Any CPU
		{BB294989-E987-4980-9887-9E267A265906}.Debug|Any CPU.ActiveCfg = Debug|Any CPU
		{BB294989-E987-4980-9887-9E267A265906}.Debug|Any CPU.Build.0 = Debug|Any CPU
		{BB294989-E987-4980-9887-9E267A265906}.Release|Any CPU.ActiveCfg = Release|Any CPU
		{BB294989-E987-4980-9887-9E267A265906}.Release|Any CPU.Build.0 = Release|Any CPU
		{2662890E-5A33-41E6-85D0-470DEE4CADB7}.Debug|Any CPU.ActiveCfg = Debug|Any CPU
		{2662890E-5A33-41E6-85D0-470DEE4CADB7}.Debug|Any CPU.Build.0 = Debug|Any CPU
		{2662890E-5A33-41E6-85D0-470DEE4CADB7}.Release|Any CPU.ActiveCfg = Release|Any CPU
		{2662890E-5A33-41E6-85D0-470DEE4CADB7}.Release|Any CPU.Build.0 = Release|Any CPU
		{22C9E033-C824-4561-B4E0-BCEF5A6B2BF0}.Debug|Any CPU.ActiveCfg = Debug|Any CPU
		{22C9E033-C824-4561-B4E0-BCEF5A6B2BF0}.Debug|Any CPU.Build.0 = Debug|Any CPU
		{22C9E033-C824-4561-B4E0-BCEF5A6B2BF0}.Release|Any CPU.ActiveCfg = Release|Any CPU
		{22C9E033-C824-4561-B4E0-BCEF5A6B2BF0}.Release|Any CPU.Build.0 = Release|Any CPU
	EndGlobalSection
	GlobalSection(SolutionProperties) = preSolution
		HideSolutionNode = FALSE
	EndGlobalSection
	GlobalSection(NestedProjects) = preSolution
		{86332D52-BCAE-4A11-BFEC-406E62D43AB6} = {1BBEE777-2368-4328-8E5C-B5EB8B0A00F2}
		{99A3EED7-0786-4DE3-A09F-FF9684F2CC17} = {168E1090-3042-4A6C-9083-B27D6B596833}
		{8EB00C3F-E998-43DC-8355-3F28BFCEB6A4} = {168E1090-3042-4A6C-9083-B27D6B596833}
		{D88DFB9C-B9B4-49C5-B937-9CCF00087A3A} = {1BBEE777-2368-4328-8E5C-B5EB8B0A00F2}
		{BB294989-E987-4980-9887-9E267A265906} = {1BBEE777-2368-4328-8E5C-B5EB8B0A00F2}
		{2662890E-5A33-41E6-85D0-470DEE4CADB7} = {1BBEE777-2368-4328-8E5C-B5EB8B0A00F2}
		{22C9E033-C824-4561-B4E0-BCEF5A6B2BF0} = {1BBEE777-2368-4328-8E5C-B5EB8B0A00F2}
	EndGlobalSection
	GlobalSection(ExtensibilityGlobals) = postSolution
		SolutionGuid = {F6378DD8-54E3-4569-91E7-459201718760}
	EndGlobalSection
EndGlobal
