
Microsoft Visual Studio Solution File, Format Version 12.00
# Visual Studio Version 17
VisualStudioVersion = 17.9.34723.18
MinimumVisualStudioVersion = 10.0.40219.1
Project("{2150E333-8FDC-42A3-9474-1A3956D46DE8}") = "Frms", "Frms", "{1BBEE777-2368-4328-8E5C-B5EB8B0A00F2}"
EndProject
Project("{9A19103F-16F7-4668-BE54-9A1E7A4F7556}") = "PRJMST", "Frms\PRJMST\PRJMST.csproj", "{0D266360-0B3E-488D-879E-44C480C4DFB1}"
EndProject
Project("{9A19103F-16F7-4668-BE54-9A1E7A4F7556}") = "Lib", "Lib\Lib.csproj", "{61082303-D785-47C7-80BC-B066836E371C}"
EndProject
Project("{2150E333-8FDC-42A3-9474-1A3956D46DE8}") = "Ctrls", "Ctrls", "{FC22B5F6-2C9E-43F1-84C4-A55A045F42A5}"
EndProject
Project("{9A19103F-16F7-4668-BE54-9A1E7A4F7556}") = "UCPanel", "Ctrls\UCPanel\UCPanel.csproj", "{9429DA36-9FF9-46BB-8A7A-98B0DAC6E70A}"
EndProject
Project("{9A19103F-16F7-4668-BE54-9A1E7A4F7556}") = "UCGrid", "Ctrls\UCGrid\UCGrid.csproj", "{1566BDC0-9718-4CF3-A820-902B465E94D6}"
EndProject
Project("{9A19103F-16F7-4668-BE54-9A1E7A4F7556}") = "UCTextBox", "Ctrls\UCTextBox\UCTextBox.csproj", "{F8DECBA6-BC1E-4402-81AC-9651AA59ABA8}"
EndProject
Project("{9A19103F-16F7-4668-BE54-9A1E7A4F7556}") = "FRMLOD", "Frms\FRMLOD\FRMLOD.csproj", "{5C2A020E-2C62-4F25-BD2D-605EA341103E}"
EndProject
Project("{9A19103F-16F7-4668-BE54-9A1E7A4F7556}") = "UCFieldSet", "Ctrls\UCField\UCFieldSet.csproj", "{8C520336-ED34-4933-960D-626E84BB670F}"
EndProject
Project("{9A19103F-16F7-4668-BE54-9A1E7A4F7556}") = "UCSplit", "Ctrls\UCSplit\UCSplit.csproj", "{6644ADF7-72F1-45B5-AF4C-C9CBA7033459}"
EndProject
Project("{9A19103F-16F7-4668-BE54-9A1E7A4F7556}") = "CTRLMST", "Frms\CTRLMST\CTRLMST.csproj", "{87ADED8B-6DE9-4D74-ACDC-C213571CA034}"
EndProject
Project("{9A19103F-16F7-4668-BE54-9A1E7A4F7556}") = "UCButton", "Ctrls\UCButton\UCButton.csproj", "{BF33BFFF-14D5-46EA-AFB5-DE8BF9D0A110}"
EndProject
Project("{9A19103F-16F7-4668-BE54-9A1E7A4F7556}") = "UCLookUp", "Ctrls\UCLookup\UCLookUp.csproj", "{F90903D1-71AA-4D80-AAE5-3F8B0F04B297}"
EndProject
Project("{9A19103F-16F7-4668-BE54-9A1E7A4F7556}") = "UCTab", "Ctrls\UCTab\UCTab.csproj", "{D96E07FB-E965-4DD7-8B21-E18958F29F15}"
EndProject
Project("{2150E333-8FDC-42A3-9474-1A3956D46DE8}") = "EpicLib", "EpicLib", "{BE0B91D5-DBC2-4B37-9BBC-B71A5B7D0C0E}"
EndProject
Project("{9A19103F-16F7-4668-BE54-9A1E7A4F7556}") = "EL010", "EpicLib\EL010\EL010.csproj", "{234F6519-4E76-47CC-8D72-451515663DF1}"
EndProject
Project("{2150E333-8FDC-42A3-9474-1A3956D46DE8}") = "Asteroid", "Asteroid", "{159E006E-7DDB-4A91-A947-81FE505A60FF}"
EndProject
Project("{2150E333-8FDC-42A3-9474-1A3956D46DE8}") = "Mars", "Mars", "{F61888B3-6190-405F-957A-68B51123A053}"
EndProject
Project("{9A19103F-16F7-4668-BE54-9A1E7A4F7556}") = "Asteroid", "Asteroid\Poral\Asteroid.csproj", "{F84BD1D1-2A5A-480F-B24C-541EE08DBEED}"
EndProject
Project("{9A19103F-16F7-4668-BE54-9A1E7A4F7556}") = "ACE", "Mars\ACE\ACE.csproj", "{596C3403-5AB4-4A15-A892-CF4F59510F57}"
EndProject
Project("{9A19103F-16F7-4668-BE54-9A1E7A4F7556}") = "UCMemo", "Ctrls\UCMemo\UCMemo.csproj", "{C502E459-ED01-478C-9F1D-FBB55CAF3398}"
EndProject
Project("{9A19103F-16F7-4668-BE54-9A1E7A4F7556}") = "UCDateBox", "Ctrls\UCDateBox\UCDateBox.csproj", "{E18541E4-533C-4535-8511-50D9305EC4AB}"
EndProject
Project("{9A19103F-16F7-4668-BE54-9A1E7A4F7556}") = "UCCheckBox", "Ctrls\UCCheckBox\UCCheckBox.csproj", "{BEE8AD78-0C5E-4EB2-97E3-86E83900EE48}"
EndProject
Project("{2150E333-8FDC-42A3-9474-1A3956D46DE8}") = "TST", "TST", "{86332D52-BCAE-4A11-BFEC-406E62D43AB6}"
EndProject
Project("{9A19103F-16F7-4668-BE54-9A1E7A4F7556}") = "TextBox", "Frms\TST\TextBox\TextBox.csproj", "{09200374-D88D-4584-BF3B-9825101D03CF}"
EndProject
Project("{9A19103F-16F7-4668-BE54-9A1E7A4F7556}") = "Grid", "Frms\TST\Grid\Grid.csproj", "{7B55ED75-AB9A-4280-990C-A54BB6AEDC33}"
EndProject
Project("{9A19103F-16F7-4668-BE54-9A1E7A4F7556}") = "SplitPanelTab", "Frms\TST\SplitPanelTab\SplitPanelTab.csproj", "{D9E70500-8BBA-46C2-84DD-B23C3E13A8DF}"
EndProject
Project("{9A19103F-16F7-4668-BE54-9A1E7A4F7556}") = "UCGridSet", "Ctrls\UCGridSet\UCGridSet.csproj", "{2DECFECB-C15D-4515-968D-966658FF26A2}"
EndProject
Project("{9A19103F-16F7-4668-BE54-9A1E7A4F7556}") = "GridSet", "Frms\TST\GridSet\GridSet.csproj", "{D4C595A8-95F3-410A-ACDE-1C59436B83F9}"
EndProject
Project("{9A19103F-16F7-4668-BE54-9A1E7A4F7556}") = "Syntax", "Frms\TST\Syntax\Syntax.csproj", "{646D0FFE-E38C-4D69-B056-1B5F9F4D7B13}"
EndProject
Project("{9A19103F-16F7-4668-BE54-9A1E7A4F7556}") = "CTRLFLD", "Frms\CTRLFLD\CTRLFLD.csproj", "{663B880E-E5E1-4936-ADF3-5885AD20FED3}"
EndProject
Project("{9A19103F-16F7-4668-BE54-9A1E7A4F7556}") = "UCLookUpT", "Ctrls\UCLookUpT\UCLookUpT.csproj", "{F4BAEA3A-3669-4E77-A3F1-6D58D4FF2D34}"
EndProject
Project("{9A19103F-16F7-4668-BE54-9A1E7A4F7556}") = "LookUp", "Frms\TST\LookUp\LookUp.csproj", "{2FE87E56-D27E-4CC3-9D67-2AC7FF82963B}"
EndProject
Project("{9A19103F-16F7-4668-BE54-9A1E7A4F7556}") = "FRWCDE", "Frms\FRWCDE\FRWCDE.csproj", "{60784233-D0BD-4266-A38E-CF9640DA2ED9}"
EndProject
Project("{9A19103F-16F7-4668-BE54-9A1E7A4F7556}") = "UCGridCode", "Ctrls\UCGridCode\UCGridCode.csproj", "{907DAE9C-FAAB-40C6-B255-F6FDA1B30043}"
EndProject
Project("{9A19103F-16F7-4668-BE54-9A1E7A4F7556}") = "WRKFLD", "Frms\WRKFLD\WRKFLD.csproj", "{88F8DE7E-7A1D-436C-BB46-47208B713B62}"
EndProject
Project("{9A19103F-16F7-4668-BE54-9A1E7A4F7556}") = "WRKGRD", "Frms\WRKGRD\WRKGRD.csproj", "{1E5EF269-5DB3-4428-BA51-4EFEFA47AF85}"
EndProject
Project("{9A19103F-16F7-4668-BE54-9A1E7A4F7556}") = "UCRichText", "Ctrls\UCRichText\UCRichText.csproj", "{68276F5E-9F13-46D4-B1F9-53029EDDE168}"
EndProject
Project("{9A19103F-16F7-4668-BE54-9A1E7A4F7556}") = "FieldSetTEST", "Frms\TST\FieldSetTEST\FieldSetTEST.csproj", "{65B250D7-DDD3-4E8A-A06A-B58A811D050B}"
EndProject
Project("{9A19103F-16F7-4668-BE54-9A1E7A4F7556}") = "FrmBase", "Ctrls\FrmBase\FrmBase.csproj", "{E8A6A902-0382-4AA6-97D3-28922AB566E4}"
EndProject
Project("{9A19103F-16F7-4668-BE54-9A1E7A4F7556}") = "UCDataSet", "Ctrls\UCDataSet\UCDataSet.csproj", "{37877584-C2EC-46DF-A43E-F1F9A6F80A8F}"
EndProject
Project("{9A19103F-16F7-4668-BE54-9A1E7A4F7556}") = "ER000", "EpicLib\ER000\ER000.csproj", "{704057C7-3BD9-4E2C-8FB4-0326BC6B719A}"
EndProject
Project("{9A19103F-16F7-4668-BE54-9A1E7A4F7556}") = "ER000_FrmMain", "ER000_FrmMain\ER000_FrmMain.csproj", "{D55B66BC-4308-41E9-9CAD-9069F8D04E52}"
EndProject
Project("{9A19103F-16F7-4668-BE54-9A1E7A4F7556}") = "FormMain", "FromMain\FormMain.csproj", "{E53EB4AE-C986-421D-9703-D9428E91C534}"
EndProject
Project("{9A19103F-16F7-4668-BE54-9A1E7A4F7556}") = "FrmBase", "Frms\FrmBase\FrmBase.csproj", "{47E05BBE-7E1C-49E2-A35B-636D19BD9098}"
EndProject
Project("{9A19103F-16F7-4668-BE54-9A1E7A4F7556}") = "DynamicGrid", "Frms\TST\DynamicGrid\DynamicGrid.csproj", "{5B28DAB8-EED0-4688-8A87-6EB9A8CEA0CD}"
EndProject
Project("{9A19103F-16F7-4668-BE54-9A1E7A4F7556}") = "FRMCPY", "Frms\FRMCPY\FRMCPY.csproj", "{4DBAD414-FDE8-4A10-8E2B-7DD2F17397D7}"
EndProject
Project("{9A19103F-16F7-4668-BE54-9A1E7A4F7556}") = "UCComboBox", "Ctrls\UCComboBox\UCComboBox.csproj", "{B19BA5ED-1BC2-49BF-A288-81E390B63D56}"
EndProject
Project("{9A19103F-16F7-4668-BE54-9A1E7A4F7556}") = "CustomCtrl", "Frms\TST\CustomCtrl\CustomCtrl.csproj", "{5A9FE564-1FEB-4F2D-9D7E-132888A0ED80}"
EndProject
Project("{9A19103F-16F7-4668-BE54-9A1E7A4F7556}") = "UCCodeBox", "Ctrls\UCCodeBox\UCCodeBox.csproj", "{2E8381B6-47B4-4C82-9480-A1BE4ED8D811}"
EndProject
Project("{9A19103F-16F7-4668-BE54-9A1E7A4F7556}") = "UCChkCodeBox", "Ctrls\UCChkCodeBox\UCChkCodeBox.csproj", "{B210D326-33F6-42B5-8F42-E93E9940571A}"
EndProject
Project("{9A19103F-16F7-4668-BE54-9A1E7A4F7556}") = "UCLook01", "Ctrls\UCLook01\UCLook01.csproj", "{59135E4C-1EB7-41DE-8E86-E252D81E1F8D}"
EndProject
Project("{2150E333-8FDC-42A3-9474-1A3956D46DE8}") = "NewFolder1", "NewFolder1", "{17AAA4F8-668C-438D-A3D0-464432233879}"
EndProject
Project("{9A19103F-16F7-4668-BE54-9A1E7A4F7556}") = "EC001", "EpicLib\EC001\EC001.csproj", "{9ED556F0-8444-42DD-812B-6802B067A0C6}"
EndProject
Project("{9A19103F-16F7-4668-BE54-9A1E7A4F7556}") = "UCGridNav", "Ctrls\UCGridNav\UCGridNav.csproj", "{DA342D93-C517-42BC-9E46-467346598B5F}"
EndProject
Project("{9A19103F-16F7-4668-BE54-9A1E7A4F7556}") = "FLDMAKE", "Frms\FLDMAKE\FLDMAKE.csproj", "{4F130A34-4415-4841-AA0E-2A0D36C8294D}"
EndProject
Project("{9A19103F-16F7-4668-BE54-9A1E7A4F7556}") = "UCField0621", "Ctrls\UCField0621\UCField0621.csproj", "{31106637-7AC4-4801-A1C6-E4054E7409F5}"
EndProject
Project("{9A19103F-16F7-4668-BE54-9A1E7A4F7556}") = "FrmBase0622", "Ctrls\FrmBase0622\FrmBase0622.csproj", "{844DEC3A-DB43-45DC-9419-8567E3E3EE13}"
EndProject
Project("{9A19103F-16F7-4668-BE54-9A1E7A4F7556}") = "UCFieldSet0622", "Ctrls\UCFieldSet0622\UCFieldSet0622.csproj", "{73A8AFA7-6390-4060-A766-53719381A362}"
EndProject
Project("{9A19103F-16F7-4668-BE54-9A1E7A4F7556}") = "UCGrid0622", "Ctrls\UCGrid0622\UCGrid0622.csproj", "{E6CD74C6-D8B1-4E80-9E8A-A57D26E4FA6B}"
EndProject
Project("{FAE04EC0-301F-11D3-BF4B-00C04F79EFBC}") = "OpenTrigger", "Frms\TST\OpenTrigger\OpenTrigger.csproj", "{0BC2DD2D-7257-4598-A1DB-BB92739D5AC3}"
EndProject
Global
	GlobalSection(SolutionConfigurationPlatforms) = preSolution
		Debug|Any CPU = Debug|Any CPU
		Release|Any CPU = Release|Any CPU
	EndGlobalSection
	GlobalSection(ProjectConfigurationPlatforms) = postSolution
		{0D266360-0B3E-488D-879E-44C480C4DFB1}.Debug|Any CPU.ActiveCfg = Debug|Any CPU
		{0D266360-0B3E-488D-879E-44C480C4DFB1}.Debug|Any CPU.Build.0 = Debug|Any CPU
		{0D266360-0B3E-488D-879E-44C480C4DFB1}.Release|Any CPU.ActiveCfg = Release|Any CPU
		{0D266360-0B3E-488D-879E-44C480C4DFB1}.Release|Any CPU.Build.0 = Release|Any CPU
		{61082303-D785-47C7-80BC-B066836E371C}.Debug|Any CPU.ActiveCfg = Debug|Any CPU
		{61082303-D785-47C7-80BC-B066836E371C}.Debug|Any CPU.Build.0 = Debug|Any CPU
		{61082303-D785-47C7-80BC-B066836E371C}.Release|Any CPU.ActiveCfg = Release|Any CPU
		{61082303-D785-47C7-80BC-B066836E371C}.Release|Any CPU.Build.0 = Release|Any CPU
		{9429DA36-9FF9-46BB-8A7A-98B0DAC6E70A}.Debug|Any CPU.ActiveCfg = Debug|Any CPU
		{9429DA36-9FF9-46BB-8A7A-98B0DAC6E70A}.Debug|Any CPU.Build.0 = Debug|Any CPU
		{9429DA36-9FF9-46BB-8A7A-98B0DAC6E70A}.Release|Any CPU.ActiveCfg = Release|Any CPU
		{9429DA36-9FF9-46BB-8A7A-98B0DAC6E70A}.Release|Any CPU.Build.0 = Release|Any CPU
		{1566BDC0-9718-4CF3-A820-902B465E94D6}.Debug|Any CPU.ActiveCfg = Debug|Any CPU
		{1566BDC0-9718-4CF3-A820-902B465E94D6}.Debug|Any CPU.Build.0 = Debug|Any CPU
		{1566BDC0-9718-4CF3-A820-902B465E94D6}.Release|Any CPU.ActiveCfg = Release|Any CPU
		{1566BDC0-9718-4CF3-A820-902B465E94D6}.Release|Any CPU.Build.0 = Release|Any CPU
		{F8DECBA6-BC1E-4402-81AC-9651AA59ABA8}.Debug|Any CPU.ActiveCfg = Debug|Any CPU
		{F8DECBA6-BC1E-4402-81AC-9651AA59ABA8}.Debug|Any CPU.Build.0 = Debug|Any CPU
		{F8DECBA6-BC1E-4402-81AC-9651AA59ABA8}.Release|Any CPU.ActiveCfg = Release|Any CPU
		{F8DECBA6-BC1E-4402-81AC-9651AA59ABA8}.Release|Any CPU.Build.0 = Release|Any CPU
		{5C2A020E-2C62-4F25-BD2D-605EA341103E}.Debug|Any CPU.ActiveCfg = Debug|Any CPU
		{5C2A020E-2C62-4F25-BD2D-605EA341103E}.Debug|Any CPU.Build.0 = Debug|Any CPU
		{5C2A020E-2C62-4F25-BD2D-605EA341103E}.Release|Any CPU.ActiveCfg = Release|Any CPU
		{5C2A020E-2C62-4F25-BD2D-605EA341103E}.Release|Any CPU.Build.0 = Release|Any CPU
		{8C520336-ED34-4933-960D-626E84BB670F}.Debug|Any CPU.ActiveCfg = Debug|Any CPU
		{8C520336-ED34-4933-960D-626E84BB670F}.Debug|Any CPU.Build.0 = Debug|Any CPU
		{8C520336-ED34-4933-960D-626E84BB670F}.Release|Any CPU.ActiveCfg = Release|Any CPU
		{8C520336-ED34-4933-960D-626E84BB670F}.Release|Any CPU.Build.0 = Release|Any CPU
		{6644ADF7-72F1-45B5-AF4C-C9CBA7033459}.Debug|Any CPU.ActiveCfg = Debug|Any CPU
		{6644ADF7-72F1-45B5-AF4C-C9CBA7033459}.Debug|Any CPU.Build.0 = Debug|Any CPU
		{6644ADF7-72F1-45B5-AF4C-C9CBA7033459}.Release|Any CPU.ActiveCfg = Release|Any CPU
		{6644ADF7-72F1-45B5-AF4C-C9CBA7033459}.Release|Any CPU.Build.0 = Release|Any CPU
		{87ADED8B-6DE9-4D74-ACDC-C213571CA034}.Debug|Any CPU.ActiveCfg = Debug|Any CPU
		{87ADED8B-6DE9-4D74-ACDC-C213571CA034}.Debug|Any CPU.Build.0 = Debug|Any CPU
		{87ADED8B-6DE9-4D74-ACDC-C213571CA034}.Release|Any CPU.ActiveCfg = Release|Any CPU
		{87ADED8B-6DE9-4D74-ACDC-C213571CA034}.Release|Any CPU.Build.0 = Release|Any CPU
		{BF33BFFF-14D5-46EA-AFB5-DE8BF9D0A110}.Debug|Any CPU.ActiveCfg = Debug|Any CPU
		{BF33BFFF-14D5-46EA-AFB5-DE8BF9D0A110}.Debug|Any CPU.Build.0 = Debug|Any CPU
		{BF33BFFF-14D5-46EA-AFB5-DE8BF9D0A110}.Release|Any CPU.ActiveCfg = Release|Any CPU
		{BF33BFFF-14D5-46EA-AFB5-DE8BF9D0A110}.Release|Any CPU.Build.0 = Release|Any CPU
		{F90903D1-71AA-4D80-AAE5-3F8B0F04B297}.Debug|Any CPU.ActiveCfg = Debug|Any CPU
		{F90903D1-71AA-4D80-AAE5-3F8B0F04B297}.Debug|Any CPU.Build.0 = Debug|Any CPU
		{F90903D1-71AA-4D80-AAE5-3F8B0F04B297}.Release|Any CPU.ActiveCfg = Release|Any CPU
		{F90903D1-71AA-4D80-AAE5-3F8B0F04B297}.Release|Any CPU.Build.0 = Release|Any CPU
		{D96E07FB-E965-4DD7-8B21-E18958F29F15}.Debug|Any CPU.ActiveCfg = Debug|Any CPU
		{D96E07FB-E965-4DD7-8B21-E18958F29F15}.Debug|Any CPU.Build.0 = Debug|Any CPU
		{D96E07FB-E965-4DD7-8B21-E18958F29F15}.Release|Any CPU.ActiveCfg = Release|Any CPU
		{D96E07FB-E965-4DD7-8B21-E18958F29F15}.Release|Any CPU.Build.0 = Release|Any CPU
		{234F6519-4E76-47CC-8D72-451515663DF1}.Debug|Any CPU.ActiveCfg = Debug|Any CPU
		{234F6519-4E76-47CC-8D72-451515663DF1}.Debug|Any CPU.Build.0 = Debug|Any CPU
		{234F6519-4E76-47CC-8D72-451515663DF1}.Release|Any CPU.ActiveCfg = Release|Any CPU
		{234F6519-4E76-47CC-8D72-451515663DF1}.Release|Any CPU.Build.0 = Release|Any CPU
		{F84BD1D1-2A5A-480F-B24C-541EE08DBEED}.Debug|Any CPU.ActiveCfg = Debug|Any CPU
		{F84BD1D1-2A5A-480F-B24C-541EE08DBEED}.Debug|Any CPU.Build.0 = Debug|Any CPU
		{F84BD1D1-2A5A-480F-B24C-541EE08DBEED}.Release|Any CPU.ActiveCfg = Release|Any CPU
		{F84BD1D1-2A5A-480F-B24C-541EE08DBEED}.Release|Any CPU.Build.0 = Release|Any CPU
		{596C3403-5AB4-4A15-A892-CF4F59510F57}.Debug|Any CPU.ActiveCfg = Debug|Any CPU
		{596C3403-5AB4-4A15-A892-CF4F59510F57}.Debug|Any CPU.Build.0 = Debug|Any CPU
		{596C3403-5AB4-4A15-A892-CF4F59510F57}.Release|Any CPU.ActiveCfg = Release|Any CPU
		{596C3403-5AB4-4A15-A892-CF4F59510F57}.Release|Any CPU.Build.0 = Release|Any CPU
		{C502E459-ED01-478C-9F1D-FBB55CAF3398}.Debug|Any CPU.ActiveCfg = Debug|Any CPU
		{C502E459-ED01-478C-9F1D-FBB55CAF3398}.Debug|Any CPU.Build.0 = Debug|Any CPU
		{C502E459-ED01-478C-9F1D-FBB55CAF3398}.Release|Any CPU.ActiveCfg = Release|Any CPU
		{C502E459-ED01-478C-9F1D-FBB55CAF3398}.Release|Any CPU.Build.0 = Release|Any CPU
		{E18541E4-533C-4535-8511-50D9305EC4AB}.Debug|Any CPU.ActiveCfg = Debug|Any CPU
		{E18541E4-533C-4535-8511-50D9305EC4AB}.Debug|Any CPU.Build.0 = Debug|Any CPU
		{E18541E4-533C-4535-8511-50D9305EC4AB}.Release|Any CPU.ActiveCfg = Release|Any CPU
		{E18541E4-533C-4535-8511-50D9305EC4AB}.Release|Any CPU.Build.0 = Release|Any CPU
		{BEE8AD78-0C5E-4EB2-97E3-86E83900EE48}.Debug|Any CPU.ActiveCfg = Debug|Any CPU
		{BEE8AD78-0C5E-4EB2-97E3-86E83900EE48}.Debug|Any CPU.Build.0 = Debug|Any CPU
		{BEE8AD78-0C5E-4EB2-97E3-86E83900EE48}.Release|Any CPU.ActiveCfg = Release|Any CPU
		{BEE8AD78-0C5E-4EB2-97E3-86E83900EE48}.Release|Any CPU.Build.0 = Release|Any CPU
		{09200374-D88D-4584-BF3B-9825101D03CF}.Debug|Any CPU.ActiveCfg = Debug|Any CPU
		{09200374-D88D-4584-BF3B-9825101D03CF}.Debug|Any CPU.Build.0 = Debug|Any CPU
		{09200374-D88D-4584-BF3B-9825101D03CF}.Release|Any CPU.ActiveCfg = Release|Any CPU
		{09200374-D88D-4584-BF3B-9825101D03CF}.Release|Any CPU.Build.0 = Release|Any CPU
		{7B55ED75-AB9A-4280-990C-A54BB6AEDC33}.Debug|Any CPU.ActiveCfg = Debug|Any CPU
		{7B55ED75-AB9A-4280-990C-A54BB6AEDC33}.Debug|Any CPU.Build.0 = Debug|Any CPU
		{7B55ED75-AB9A-4280-990C-A54BB6AEDC33}.Release|Any CPU.ActiveCfg = Release|Any CPU
		{7B55ED75-AB9A-4280-990C-A54BB6AEDC33}.Release|Any CPU.Build.0 = Release|Any CPU
		{D9E70500-8BBA-46C2-84DD-B23C3E13A8DF}.Debug|Any CPU.ActiveCfg = Debug|Any CPU
		{D9E70500-8BBA-46C2-84DD-B23C3E13A8DF}.Debug|Any CPU.Build.0 = Debug|Any CPU
		{D9E70500-8BBA-46C2-84DD-B23C3E13A8DF}.Release|Any CPU.ActiveCfg = Release|Any CPU
		{D9E70500-8BBA-46C2-84DD-B23C3E13A8DF}.Release|Any CPU.Build.0 = Release|Any CPU
		{2DECFECB-C15D-4515-968D-966658FF26A2}.Debug|Any CPU.ActiveCfg = Debug|Any CPU
		{2DECFECB-C15D-4515-968D-966658FF26A2}.Debug|Any CPU.Build.0 = Debug|Any CPU
		{2DECFECB-C15D-4515-968D-966658FF26A2}.Release|Any CPU.ActiveCfg = Release|Any CPU
		{2DECFECB-C15D-4515-968D-966658FF26A2}.Release|Any CPU.Build.0 = Release|Any CPU
		{D4C595A8-95F3-410A-ACDE-1C59436B83F9}.Debug|Any CPU.ActiveCfg = Debug|Any CPU
		{D4C595A8-95F3-410A-ACDE-1C59436B83F9}.Debug|Any CPU.Build.0 = Debug|Any CPU
		{D4C595A8-95F3-410A-ACDE-1C59436B83F9}.Release|Any CPU.ActiveCfg = Release|Any CPU
		{D4C595A8-95F3-410A-ACDE-1C59436B83F9}.Release|Any CPU.Build.0 = Release|Any CPU
		{646D0FFE-E38C-4D69-B056-1B5F9F4D7B13}.Debug|Any CPU.ActiveCfg = Debug|Any CPU
		{646D0FFE-E38C-4D69-B056-1B5F9F4D7B13}.Debug|Any CPU.Build.0 = Debug|Any CPU
		{646D0FFE-E38C-4D69-B056-1B5F9F4D7B13}.Release|Any CPU.ActiveCfg = Release|Any CPU
		{646D0FFE-E38C-4D69-B056-1B5F9F4D7B13}.Release|Any CPU.Build.0 = Release|Any CPU
		{663B880E-E5E1-4936-ADF3-5885AD20FED3}.Debug|Any CPU.ActiveCfg = Debug|Any CPU
		{663B880E-E5E1-4936-ADF3-5885AD20FED3}.Debug|Any CPU.Build.0 = Debug|Any CPU
		{663B880E-E5E1-4936-ADF3-5885AD20FED3}.Release|Any CPU.ActiveCfg = Release|Any CPU
		{663B880E-E5E1-4936-ADF3-5885AD20FED3}.Release|Any CPU.Build.0 = Release|Any CPU
		{F4BAEA3A-3669-4E77-A3F1-6D58D4FF2D34}.Debug|Any CPU.ActiveCfg = Debug|Any CPU
		{F4BAEA3A-3669-4E77-A3F1-6D58D4FF2D34}.Debug|Any CPU.Build.0 = Debug|Any CPU
		{F4BAEA3A-3669-4E77-A3F1-6D58D4FF2D34}.Release|Any CPU.ActiveCfg = Release|Any CPU
		{F4BAEA3A-3669-4E77-A3F1-6D58D4FF2D34}.Release|Any CPU.Build.0 = Release|Any CPU
		{2FE87E56-D27E-4CC3-9D67-2AC7FF82963B}.Debug|Any CPU.ActiveCfg = Debug|Any CPU
		{2FE87E56-D27E-4CC3-9D67-2AC7FF82963B}.Debug|Any CPU.Build.0 = Debug|Any CPU
		{2FE87E56-D27E-4CC3-9D67-2AC7FF82963B}.Release|Any CPU.ActiveCfg = Release|Any CPU
		{2FE87E56-D27E-4CC3-9D67-2AC7FF82963B}.Release|Any CPU.Build.0 = Release|Any CPU
		{60784233-D0BD-4266-A38E-CF9640DA2ED9}.Debug|Any CPU.ActiveCfg = Debug|Any CPU
		{60784233-D0BD-4266-A38E-CF9640DA2ED9}.Debug|Any CPU.Build.0 = Debug|Any CPU
		{60784233-D0BD-4266-A38E-CF9640DA2ED9}.Release|Any CPU.ActiveCfg = Release|Any CPU
		{60784233-D0BD-4266-A38E-CF9640DA2ED9}.Release|Any CPU.Build.0 = Release|Any CPU
		{907DAE9C-FAAB-40C6-B255-F6FDA1B30043}.Debug|Any CPU.ActiveCfg = Debug|Any CPU
		{907DAE9C-FAAB-40C6-B255-F6FDA1B30043}.Debug|Any CPU.Build.0 = Debug|Any CPU
		{907DAE9C-FAAB-40C6-B255-F6FDA1B30043}.Release|Any CPU.ActiveCfg = Release|Any CPU
		{907DAE9C-FAAB-40C6-B255-F6FDA1B30043}.Release|Any CPU.Build.0 = Release|Any CPU
		{88F8DE7E-7A1D-436C-BB46-47208B713B62}.Debug|Any CPU.ActiveCfg = Debug|Any CPU
		{88F8DE7E-7A1D-436C-BB46-47208B713B62}.Debug|Any CPU.Build.0 = Debug|Any CPU
		{88F8DE7E-7A1D-436C-BB46-47208B713B62}.Release|Any CPU.ActiveCfg = Release|Any CPU
		{88F8DE7E-7A1D-436C-BB46-47208B713B62}.Release|Any CPU.Build.0 = Release|Any CPU
		{1E5EF269-5DB3-4428-BA51-4EFEFA47AF85}.Debug|Any CPU.ActiveCfg = Debug|Any CPU
		{1E5EF269-5DB3-4428-BA51-4EFEFA47AF85}.Debug|Any CPU.Build.0 = Debug|Any CPU
		{1E5EF269-5DB3-4428-BA51-4EFEFA47AF85}.Release|Any CPU.ActiveCfg = Release|Any CPU
		{1E5EF269-5DB3-4428-BA51-4EFEFA47AF85}.Release|Any CPU.Build.0 = Release|Any CPU
		{68276F5E-9F13-46D4-B1F9-53029EDDE168}.Debug|Any CPU.ActiveCfg = Debug|Any CPU
		{68276F5E-9F13-46D4-B1F9-53029EDDE168}.Debug|Any CPU.Build.0 = Debug|Any CPU
		{68276F5E-9F13-46D4-B1F9-53029EDDE168}.Release|Any CPU.ActiveCfg = Release|Any CPU
		{68276F5E-9F13-46D4-B1F9-53029EDDE168}.Release|Any CPU.Build.0 = Release|Any CPU
		{65B250D7-DDD3-4E8A-A06A-B58A811D050B}.Debug|Any CPU.ActiveCfg = Debug|Any CPU
		{65B250D7-DDD3-4E8A-A06A-B58A811D050B}.Debug|Any CPU.Build.0 = Debug|Any CPU
		{65B250D7-DDD3-4E8A-A06A-B58A811D050B}.Release|Any CPU.ActiveCfg = Release|Any CPU
		{65B250D7-DDD3-4E8A-A06A-B58A811D050B}.Release|Any CPU.Build.0 = Release|Any CPU
		{E8A6A902-0382-4AA6-97D3-28922AB566E4}.Debug|Any CPU.ActiveCfg = Debug|Any CPU
		{E8A6A902-0382-4AA6-97D3-28922AB566E4}.Debug|Any CPU.Build.0 = Debug|Any CPU
		{E8A6A902-0382-4AA6-97D3-28922AB566E4}.Release|Any CPU.ActiveCfg = Release|Any CPU
		{E8A6A902-0382-4AA6-97D3-28922AB566E4}.Release|Any CPU.Build.0 = Release|Any CPU
		{37877584-C2EC-46DF-A43E-F1F9A6F80A8F}.Debug|Any CPU.ActiveCfg = Debug|Any CPU
		{37877584-C2EC-46DF-A43E-F1F9A6F80A8F}.Debug|Any CPU.Build.0 = Debug|Any CPU
		{37877584-C2EC-46DF-A43E-F1F9A6F80A8F}.Release|Any CPU.ActiveCfg = Release|Any CPU
		{37877584-C2EC-46DF-A43E-F1F9A6F80A8F}.Release|Any CPU.Build.0 = Release|Any CPU
		{704057C7-3BD9-4E2C-8FB4-0326BC6B719A}.Debug|Any CPU.ActiveCfg = Debug|Any CPU
		{704057C7-3BD9-4E2C-8FB4-0326BC6B719A}.Debug|Any CPU.Build.0 = Debug|Any CPU
		{704057C7-3BD9-4E2C-8FB4-0326BC6B719A}.Release|Any CPU.ActiveCfg = Release|Any CPU
		{704057C7-3BD9-4E2C-8FB4-0326BC6B719A}.Release|Any CPU.Build.0 = Release|Any CPU
		{D55B66BC-4308-41E9-9CAD-9069F8D04E52}.Debug|Any CPU.ActiveCfg = Debug|Any CPU
		{D55B66BC-4308-41E9-9CAD-9069F8D04E52}.Debug|Any CPU.Build.0 = Debug|Any CPU
		{D55B66BC-4308-41E9-9CAD-9069F8D04E52}.Release|Any CPU.ActiveCfg = Release|Any CPU
		{D55B66BC-4308-41E9-9CAD-9069F8D04E52}.Release|Any CPU.Build.0 = Release|Any CPU
		{E53EB4AE-C986-421D-9703-D9428E91C534}.Debug|Any CPU.ActiveCfg = Debug|Any CPU
		{E53EB4AE-C986-421D-9703-D9428E91C534}.Debug|Any CPU.Build.0 = Debug|Any CPU
		{E53EB4AE-C986-421D-9703-D9428E91C534}.Release|Any CPU.ActiveCfg = Release|Any CPU
		{E53EB4AE-C986-421D-9703-D9428E91C534}.Release|Any CPU.Build.0 = Release|Any CPU
		{47E05BBE-7E1C-49E2-A35B-636D19BD9098}.Debug|Any CPU.ActiveCfg = Debug|Any CPU
		{47E05BBE-7E1C-49E2-A35B-636D19BD9098}.Debug|Any CPU.Build.0 = Debug|Any CPU
		{47E05BBE-7E1C-49E2-A35B-636D19BD9098}.Release|Any CPU.ActiveCfg = Release|Any CPU
		{47E05BBE-7E1C-49E2-A35B-636D19BD9098}.Release|Any CPU.Build.0 = Release|Any CPU
		{5B28DAB8-EED0-4688-8A87-6EB9A8CEA0CD}.Debug|Any CPU.ActiveCfg = Debug|Any CPU
		{5B28DAB8-EED0-4688-8A87-6EB9A8CEA0CD}.Debug|Any CPU.Build.0 = Debug|Any CPU
		{5B28DAB8-EED0-4688-8A87-6EB9A8CEA0CD}.Release|Any CPU.ActiveCfg = Release|Any CPU
		{5B28DAB8-EED0-4688-8A87-6EB9A8CEA0CD}.Release|Any CPU.Build.0 = Release|Any CPU
		{4DBAD414-FDE8-4A10-8E2B-7DD2F17397D7}.Debug|Any CPU.ActiveCfg = Debug|Any CPU
		{4DBAD414-FDE8-4A10-8E2B-7DD2F17397D7}.Debug|Any CPU.Build.0 = Debug|Any CPU
		{4DBAD414-FDE8-4A10-8E2B-7DD2F17397D7}.Release|Any CPU.ActiveCfg = Release|Any CPU
		{4DBAD414-FDE8-4A10-8E2B-7DD2F17397D7}.Release|Any CPU.Build.0 = Release|Any CPU
		{B19BA5ED-1BC2-49BF-A288-81E390B63D56}.Debug|Any CPU.ActiveCfg = Debug|Any CPU
		{B19BA5ED-1BC2-49BF-A288-81E390B63D56}.Debug|Any CPU.Build.0 = Debug|Any CPU
		{B19BA5ED-1BC2-49BF-A288-81E390B63D56}.Release|Any CPU.ActiveCfg = Release|Any CPU
		{B19BA5ED-1BC2-49BF-A288-81E390B63D56}.Release|Any CPU.Build.0 = Release|Any CPU
		{5A9FE564-1FEB-4F2D-9D7E-132888A0ED80}.Debug|Any CPU.ActiveCfg = Debug|Any CPU
		{5A9FE564-1FEB-4F2D-9D7E-132888A0ED80}.Debug|Any CPU.Build.0 = Debug|Any CPU
		{5A9FE564-1FEB-4F2D-9D7E-132888A0ED80}.Release|Any CPU.ActiveCfg = Release|Any CPU
		{5A9FE564-1FEB-4F2D-9D7E-132888A0ED80}.Release|Any CPU.Build.0 = Release|Any CPU
		{2E8381B6-47B4-4C82-9480-A1BE4ED8D811}.Debug|Any CPU.ActiveCfg = Debug|Any CPU
		{2E8381B6-47B4-4C82-9480-A1BE4ED8D811}.Debug|Any CPU.Build.0 = Debug|Any CPU
		{2E8381B6-47B4-4C82-9480-A1BE4ED8D811}.Release|Any CPU.ActiveCfg = Release|Any CPU
		{2E8381B6-47B4-4C82-9480-A1BE4ED8D811}.Release|Any CPU.Build.0 = Release|Any CPU
		{B210D326-33F6-42B5-8F42-E93E9940571A}.Debug|Any CPU.ActiveCfg = Debug|Any CPU
		{B210D326-33F6-42B5-8F42-E93E9940571A}.Debug|Any CPU.Build.0 = Debug|Any CPU
		{B210D326-33F6-42B5-8F42-E93E9940571A}.Release|Any CPU.ActiveCfg = Release|Any CPU
		{B210D326-33F6-42B5-8F42-E93E9940571A}.Release|Any CPU.Build.0 = Release|Any CPU
		{59135E4C-1EB7-41DE-8E86-E252D81E1F8D}.Debug|Any CPU.ActiveCfg = Debug|Any CPU
		{59135E4C-1EB7-41DE-8E86-E252D81E1F8D}.Debug|Any CPU.Build.0 = Debug|Any CPU
		{59135E4C-1EB7-41DE-8E86-E252D81E1F8D}.Release|Any CPU.ActiveCfg = Release|Any CPU
		{59135E4C-1EB7-41DE-8E86-E252D81E1F8D}.Release|Any CPU.Build.0 = Release|Any CPU
		{9ED556F0-8444-42DD-812B-6802B067A0C6}.Debug|Any CPU.ActiveCfg = Debug|Any CPU
		{9ED556F0-8444-42DD-812B-6802B067A0C6}.Debug|Any CPU.Build.0 = Debug|Any CPU
		{9ED556F0-8444-42DD-812B-6802B067A0C6}.Release|Any CPU.ActiveCfg = Release|Any CPU
		{9ED556F0-8444-42DD-812B-6802B067A0C6}.Release|Any CPU.Build.0 = Release|Any CPU
		{DA342D93-C517-42BC-9E46-467346598B5F}.Debug|Any CPU.ActiveCfg = Debug|Any CPU
		{DA342D93-C517-42BC-9E46-467346598B5F}.Debug|Any CPU.Build.0 = Debug|Any CPU
		{DA342D93-C517-42BC-9E46-467346598B5F}.Release|Any CPU.ActiveCfg = Release|Any CPU
		{DA342D93-C517-42BC-9E46-467346598B5F}.Release|Any CPU.Build.0 = Release|Any CPU
		{4F130A34-4415-4841-AA0E-2A0D36C8294D}.Debug|Any CPU.ActiveCfg = Debug|Any CPU
		{4F130A34-4415-4841-AA0E-2A0D36C8294D}.Debug|Any CPU.Build.0 = Debug|Any CPU
		{4F130A34-4415-4841-AA0E-2A0D36C8294D}.Release|Any CPU.ActiveCfg = Release|Any CPU
		{4F130A34-4415-4841-AA0E-2A0D36C8294D}.Release|Any CPU.Build.0 = Release|Any CPU
		{31106637-7AC4-4801-A1C6-E4054E7409F5}.Debug|Any CPU.ActiveCfg = Debug|Any CPU
		{31106637-7AC4-4801-A1C6-E4054E7409F5}.Debug|Any CPU.Build.0 = Debug|Any CPU
		{31106637-7AC4-4801-A1C6-E4054E7409F5}.Release|Any CPU.ActiveCfg = Release|Any CPU
		{31106637-7AC4-4801-A1C6-E4054E7409F5}.Release|Any CPU.Build.0 = Release|Any CPU
		{844DEC3A-DB43-45DC-9419-8567E3E3EE13}.Debug|Any CPU.ActiveCfg = Debug|Any CPU
		{844DEC3A-DB43-45DC-9419-8567E3E3EE13}.Debug|Any CPU.Build.0 = Debug|Any CPU
		{844DEC3A-DB43-45DC-9419-8567E3E3EE13}.Release|Any CPU.ActiveCfg = Release|Any CPU
		{844DEC3A-DB43-45DC-9419-8567E3E3EE13}.Release|Any CPU.Build.0 = Release|Any CPU
		{73A8AFA7-6390-4060-A766-53719381A362}.Debug|Any CPU.ActiveCfg = Debug|Any CPU
		{73A8AFA7-6390-4060-A766-53719381A362}.Debug|Any CPU.Build.0 = Debug|Any CPU
		{73A8AFA7-6390-4060-A766-53719381A362}.Release|Any CPU.ActiveCfg = Release|Any CPU
		{73A8AFA7-6390-4060-A766-53719381A362}.Release|Any CPU.Build.0 = Release|Any CPU
		{E6CD74C6-D8B1-4E80-9E8A-A57D26E4FA6B}.Debug|Any CPU.ActiveCfg = Debug|Any CPU
		{E6CD74C6-D8B1-4E80-9E8A-A57D26E4FA6B}.Debug|Any CPU.Build.0 = Debug|Any CPU
		{E6CD74C6-D8B1-4E80-9E8A-A57D26E4FA6B}.Release|Any CPU.ActiveCfg = Release|Any CPU
		{E6CD74C6-D8B1-4E80-9E8A-A57D26E4FA6B}.Release|Any CPU.Build.0 = Release|Any CPU
		{0BC2DD2D-7257-4598-A1DB-BB92739D5AC3}.Debug|Any CPU.ActiveCfg = Debug|Any CPU
		{0BC2DD2D-7257-4598-A1DB-BB92739D5AC3}.Debug|Any CPU.Build.0 = Debug|Any CPU
		{0BC2DD2D-7257-4598-A1DB-BB92739D5AC3}.Release|Any CPU.ActiveCfg = Release|Any CPU
		{0BC2DD2D-7257-4598-A1DB-BB92739D5AC3}.Release|Any CPU.Build.0 = Release|Any CPU
	EndGlobalSection
	GlobalSection(SolutionProperties) = preSolution
		HideSolutionNode = FALSE
	EndGlobalSection
	GlobalSection(NestedProjects) = preSolution
		{0D266360-0B3E-488D-879E-44C480C4DFB1} = {1BBEE777-2368-4328-8E5C-B5EB8B0A00F2}
		{9429DA36-9FF9-46BB-8A7A-98B0DAC6E70A} = {FC22B5F6-2C9E-43F1-84C4-A55A045F42A5}
		{1566BDC0-9718-4CF3-A820-902B465E94D6} = {FC22B5F6-2C9E-43F1-84C4-A55A045F42A5}
		{F8DECBA6-BC1E-4402-81AC-9651AA59ABA8} = {FC22B5F6-2C9E-43F1-84C4-A55A045F42A5}
		{5C2A020E-2C62-4F25-BD2D-605EA341103E} = {1BBEE777-2368-4328-8E5C-B5EB8B0A00F2}
		{8C520336-ED34-4933-960D-626E84BB670F} = {FC22B5F6-2C9E-43F1-84C4-A55A045F42A5}
		{6644ADF7-72F1-45B5-AF4C-C9CBA7033459} = {FC22B5F6-2C9E-43F1-84C4-A55A045F42A5}
		{87ADED8B-6DE9-4D74-ACDC-C213571CA034} = {1BBEE777-2368-4328-8E5C-B5EB8B0A00F2}
		{BF33BFFF-14D5-46EA-AFB5-DE8BF9D0A110} = {FC22B5F6-2C9E-43F1-84C4-A55A045F42A5}
		{F90903D1-71AA-4D80-AAE5-3F8B0F04B297} = {FC22B5F6-2C9E-43F1-84C4-A55A045F42A5}
		{D96E07FB-E965-4DD7-8B21-E18958F29F15} = {FC22B5F6-2C9E-43F1-84C4-A55A045F42A5}
		{234F6519-4E76-47CC-8D72-451515663DF1} = {BE0B91D5-DBC2-4B37-9BBC-B71A5B7D0C0E}
		{F84BD1D1-2A5A-480F-B24C-541EE08DBEED} = {159E006E-7DDB-4A91-A947-81FE505A60FF}
		{596C3403-5AB4-4A15-A892-CF4F59510F57} = {F61888B3-6190-405F-957A-68B51123A053}
		{C502E459-ED01-478C-9F1D-FBB55CAF3398} = {FC22B5F6-2C9E-43F1-84C4-A55A045F42A5}
		{E18541E4-533C-4535-8511-50D9305EC4AB} = {FC22B5F6-2C9E-43F1-84C4-A55A045F42A5}
		{BEE8AD78-0C5E-4EB2-97E3-86E83900EE48} = {FC22B5F6-2C9E-43F1-84C4-A55A045F42A5}
		{86332D52-BCAE-4A11-BFEC-406E62D43AB6} = {1BBEE777-2368-4328-8E5C-B5EB8B0A00F2}
		{09200374-D88D-4584-BF3B-9825101D03CF} = {86332D52-BCAE-4A11-BFEC-406E62D43AB6}
		{7B55ED75-AB9A-4280-990C-A54BB6AEDC33} = {86332D52-BCAE-4A11-BFEC-406E62D43AB6}
		{D9E70500-8BBA-46C2-84DD-B23C3E13A8DF} = {86332D52-BCAE-4A11-BFEC-406E62D43AB6}
		{2DECFECB-C15D-4515-968D-966658FF26A2} = {FC22B5F6-2C9E-43F1-84C4-A55A045F42A5}
		{D4C595A8-95F3-410A-ACDE-1C59436B83F9} = {86332D52-BCAE-4A11-BFEC-406E62D43AB6}
		{646D0FFE-E38C-4D69-B056-1B5F9F4D7B13} = {86332D52-BCAE-4A11-BFEC-406E62D43AB6}
		{663B880E-E5E1-4936-ADF3-5885AD20FED3} = {1BBEE777-2368-4328-8E5C-B5EB8B0A00F2}
		{F4BAEA3A-3669-4E77-A3F1-6D58D4FF2D34} = {FC22B5F6-2C9E-43F1-84C4-A55A045F42A5}
		{2FE87E56-D27E-4CC3-9D67-2AC7FF82963B} = {86332D52-BCAE-4A11-BFEC-406E62D43AB6}
		{60784233-D0BD-4266-A38E-CF9640DA2ED9} = {1BBEE777-2368-4328-8E5C-B5EB8B0A00F2}
		{907DAE9C-FAAB-40C6-B255-F6FDA1B30043} = {FC22B5F6-2C9E-43F1-84C4-A55A045F42A5}
		{88F8DE7E-7A1D-436C-BB46-47208B713B62} = {1BBEE777-2368-4328-8E5C-B5EB8B0A00F2}
		{1E5EF269-5DB3-4428-BA51-4EFEFA47AF85} = {1BBEE777-2368-4328-8E5C-B5EB8B0A00F2}
		{68276F5E-9F13-46D4-B1F9-53029EDDE168} = {FC22B5F6-2C9E-43F1-84C4-A55A045F42A5}
		{65B250D7-DDD3-4E8A-A06A-B58A811D050B} = {86332D52-BCAE-4A11-BFEC-406E62D43AB6}
		{E8A6A902-0382-4AA6-97D3-28922AB566E4} = {FC22B5F6-2C9E-43F1-84C4-A55A045F42A5}
		{37877584-C2EC-46DF-A43E-F1F9A6F80A8F} = {FC22B5F6-2C9E-43F1-84C4-A55A045F42A5}
		{704057C7-3BD9-4E2C-8FB4-0326BC6B719A} = {BE0B91D5-DBC2-4B37-9BBC-B71A5B7D0C0E}
		{47E05BBE-7E1C-49E2-A35B-636D19BD9098} = {1BBEE777-2368-4328-8E5C-B5EB8B0A00F2}
		{5B28DAB8-EED0-4688-8A87-6EB9A8CEA0CD} = {86332D52-BCAE-4A11-BFEC-406E62D43AB6}
		{4DBAD414-FDE8-4A10-8E2B-7DD2F17397D7} = {1BBEE777-2368-4328-8E5C-B5EB8B0A00F2}
		{B19BA5ED-1BC2-49BF-A288-81E390B63D56} = {FC22B5F6-2C9E-43F1-84C4-A55A045F42A5}
		{5A9FE564-1FEB-4F2D-9D7E-132888A0ED80} = {86332D52-BCAE-4A11-BFEC-406E62D43AB6}
		{2E8381B6-47B4-4C82-9480-A1BE4ED8D811} = {FC22B5F6-2C9E-43F1-84C4-A55A045F42A5}
		{B210D326-33F6-42B5-8F42-E93E9940571A} = {FC22B5F6-2C9E-43F1-84C4-A55A045F42A5}
		{59135E4C-1EB7-41DE-8E86-E252D81E1F8D} = {FC22B5F6-2C9E-43F1-84C4-A55A045F42A5}
		{17AAA4F8-668C-438D-A3D0-464432233879} = {BE0B91D5-DBC2-4B37-9BBC-B71A5B7D0C0E}
		{9ED556F0-8444-42DD-812B-6802B067A0C6} = {BE0B91D5-DBC2-4B37-9BBC-B71A5B7D0C0E}
		{DA342D93-C517-42BC-9E46-467346598B5F} = {FC22B5F6-2C9E-43F1-84C4-A55A045F42A5}
		{4F130A34-4415-4841-AA0E-2A0D36C8294D} = {1BBEE777-2368-4328-8E5C-B5EB8B0A00F2}
		{31106637-7AC4-4801-A1C6-E4054E7409F5} = {FC22B5F6-2C9E-43F1-84C4-A55A045F42A5}
		{844DEC3A-DB43-45DC-9419-8567E3E3EE13} = {FC22B5F6-2C9E-43F1-84C4-A55A045F42A5}
		{73A8AFA7-6390-4060-A766-53719381A362} = {FC22B5F6-2C9E-43F1-84C4-A55A045F42A5}
		{E6CD74C6-D8B1-4E80-9E8A-A57D26E4FA6B} = {FC22B5F6-2C9E-43F1-84C4-A55A045F42A5}
		{0BC2DD2D-7257-4598-A1DB-BB92739D5AC3} = {86332D52-BCAE-4A11-BFEC-406E62D43AB6}
	EndGlobalSection
	GlobalSection(ExtensibilityGlobals) = postSolution
		SolutionGuid = {F6378DD8-54E3-4569-91E7-459201718760}
	EndGlobalSection
EndGlobal
