
Microsoft Visual Studio Solution File, Format Version 12.00
# Visual Studio Version 17
VisualStudioVersion = 17.9.34723.18
MinimumVisualStudioVersion = 10.0.40219.1
Project("{9A19103F-16F7-4668-BE54-9A1E7A4F7556}") = "FormMain", "FromMain\FormMain.csproj", "{4D9C7151-97B9-4E32-B4D5-DC4221F57BF1}"
EndProject
Project("{2150E333-8FDC-42A3-9474-1A3956D46DE8}") = "Frms", "Frms", "{1BBEE777-2368-4328-8E5C-B5EB8B0A00F2}"
EndProject
Project("{9A19103F-16F7-4668-BE54-9A1E7A4F7556}") = "PRJMST", "Frms\PRJMST\PRJMST.csproj", "{0D266360-0B3E-488D-879E-44C480C4DFB1}"
EndProject
Project("{9A19103F-16F7-4668-BE54-9A1E7A4F7556}") = "Lib", "Lib\Lib.csproj", "{61082303-D785-47C7-80BC-B066836E371C}"
EndProject
Project("{FAE04EC0-301F-11D3-BF4B-00C04F79EFBC}") = "SAMPLE", "Frms\SAMPLE\SAMPLE.csproj", "{875CE016-EA57-48DD-9D2A-EA6246797854}"
EndProject
Project("{2150E333-8FDC-42A3-9474-1A3956D46DE8}") = "Ctrls", "Ctrls", "{FC22B5F6-2C9E-43F1-84C4-A55A045F42A5}"
EndProject
Project("{9A19103F-16F7-4668-BE54-9A1E7A4F7556}") = "UCPanel", "Ctrls\UCPanel\UCPanel.csproj", "{9429DA36-9FF9-46BB-8A7A-98B0DAC6E70A}"
EndProject
Project("{9A19103F-16F7-4668-BE54-9A1E7A4F7556}") = "UCGrid", "Ctrls\UCGrid\UCGrid.csproj", "{1566BDC0-9718-4CF3-A820-902B465E94D6}"
EndProject
Project("{9A19103F-16F7-4668-BE54-9A1E7A4F7556}") = "UCTextBox", "Ctrls\UCTextBox\UCTextBox.csproj", "{F8DECBA6-BC1E-4402-81AC-9651AA59ABA8}"
EndProject
Project("{FAE04EC0-301F-11D3-BF4B-00C04F79EFBC}") = "FRMLOD", "Frms\FRMLOD\FRMLOD.csproj", "{5C2A020E-2C62-4F25-BD2D-605EA341103E}"
EndProject
Project("{FAE04EC0-301F-11D3-BF4B-00C04F79EFBC}") = "UCField", "Ctrls\UCField\UCField.csproj", "{8C520336-ED34-4933-960D-626E84BB670F}"
EndProject
Global
	GlobalSection(SolutionConfigurationPlatforms) = preSolution
		Debug|Any CPU = Debug|Any CPU
		Release|Any CPU = Release|Any CPU
	EndGlobalSection
	GlobalSection(ProjectConfigurationPlatforms) = postSolution
		{4D9C7151-97B9-4E32-B4D5-DC4221F57BF1}.Debug|Any CPU.ActiveCfg = Debug|Any CPU
		{4D9C7151-97B9-4E32-B4D5-DC4221F57BF1}.Debug|Any CPU.Build.0 = Debug|Any CPU
		{4D9C7151-97B9-4E32-B4D5-DC4221F57BF1}.Release|Any CPU.ActiveCfg = Release|Any CPU
		{4D9C7151-97B9-4E32-B4D5-DC4221F57BF1}.Release|Any CPU.Build.0 = Release|Any CPU
		{0D266360-0B3E-488D-879E-44C480C4DFB1}.Debug|Any CPU.ActiveCfg = Debug|Any CPU
		{0D266360-0B3E-488D-879E-44C480C4DFB1}.Debug|Any CPU.Build.0 = Debug|Any CPU
		{0D266360-0B3E-488D-879E-44C480C4DFB1}.Release|Any CPU.ActiveCfg = Release|Any CPU
		{0D266360-0B3E-488D-879E-44C480C4DFB1}.Release|Any CPU.Build.0 = Release|Any CPU
		{61082303-D785-47C7-80BC-B066836E371C}.Debug|Any CPU.ActiveCfg = Debug|Any CPU
		{61082303-D785-47C7-80BC-B066836E371C}.Debug|Any CPU.Build.0 = Debug|Any CPU
		{61082303-D785-47C7-80BC-B066836E371C}.Release|Any CPU.ActiveCfg = Release|Any CPU
		{61082303-D785-47C7-80BC-B066836E371C}.Release|Any CPU.Build.0 = Release|Any CPU
		{875CE016-EA57-48DD-9D2A-EA6246797854}.Debug|Any CPU.ActiveCfg = Debug|Any CPU
		{875CE016-EA57-48DD-9D2A-EA6246797854}.Debug|Any CPU.Build.0 = Debug|Any CPU
		{875CE016-EA57-48DD-9D2A-EA6246797854}.Release|Any CPU.ActiveCfg = Release|Any CPU
		{875CE016-EA57-48DD-9D2A-EA6246797854}.Release|Any CPU.Build.0 = Release|Any CPU
		{9429DA36-9FF9-46BB-8A7A-98B0DAC6E70A}.Debug|Any CPU.ActiveCfg = Debug|Any CPU
		{9429DA36-9FF9-46BB-8A7A-98B0DAC6E70A}.Debug|Any CPU.Build.0 = Debug|Any CPU
		{9429DA36-9FF9-46BB-8A7A-98B0DAC6E70A}.Release|Any CPU.ActiveCfg = Release|Any CPU
		{9429DA36-9FF9-46BB-8A7A-98B0DAC6E70A}.Release|Any CPU.Build.0 = Release|Any CPU
		{1566BDC0-9718-4CF3-A820-902B465E94D6}.Debug|Any CPU.ActiveCfg = Debug|Any CPU
		{1566BDC0-9718-4CF3-A820-902B465E94D6}.Debug|Any CPU.Build.0 = Debug|Any CPU
		{1566BDC0-9718-4CF3-A820-902B465E94D6}.Release|Any CPU.ActiveCfg = Release|Any CPU
		{1566BDC0-9718-4CF3-A820-902B465E94D6}.Release|Any CPU.Build.0 = Release|Any CPU
		{F8DECBA6-BC1E-4402-81AC-9651AA59ABA8}.Debug|Any CPU.ActiveCfg = Debug|Any CPU
		{F8DECBA6-BC1E-4402-81AC-9651AA59ABA8}.Debug|Any CPU.Build.0 = Debug|Any CPU
		{F8DECBA6-BC1E-4402-81AC-9651AA59ABA8}.Release|Any CPU.ActiveCfg = Release|Any CPU
		{F8DECBA6-BC1E-4402-81AC-9651AA59ABA8}.Release|Any CPU.Build.0 = Release|Any CPU
		{5C2A020E-2C62-4F25-BD2D-605EA341103E}.Debug|Any CPU.ActiveCfg = Debug|Any CPU
		{5C2A020E-2C62-4F25-BD2D-605EA341103E}.Debug|Any CPU.Build.0 = Debug|Any CPU
		{5C2A020E-2C62-4F25-BD2D-605EA341103E}.Release|Any CPU.ActiveCfg = Release|Any CPU
		{5C2A020E-2C62-4F25-BD2D-605EA341103E}.Release|Any CPU.Build.0 = Release|Any CPU
		{8C520336-ED34-4933-960D-626E84BB670F}.Debug|Any CPU.ActiveCfg = Debug|Any CPU
		{8C520336-ED34-4933-960D-626E84BB670F}.Debug|Any CPU.Build.0 = Debug|Any CPU
		{8C520336-ED34-4933-960D-626E84BB670F}.Release|Any CPU.ActiveCfg = Release|Any CPU
		{8C520336-ED34-4933-960D-626E84BB670F}.Release|Any CPU.Build.0 = Release|Any CPU
	EndGlobalSection
	GlobalSection(SolutionProperties) = preSolution
		HideSolutionNode = FALSE
	EndGlobalSection
	GlobalSection(NestedProjects) = preSolution
		{0D266360-0B3E-488D-879E-44C480C4DFB1} = {1BBEE777-2368-4328-8E5C-B5EB8B0A00F2}
		{875CE016-EA57-48DD-9D2A-EA6246797854} = {1BBEE777-2368-4328-8E5C-B5EB8B0A00F2}
		{9429DA36-9FF9-46BB-8A7A-98B0DAC6E70A} = {FC22B5F6-2C9E-43F1-84C4-A55A045F42A5}
		{1566BDC0-9718-4CF3-A820-902B465E94D6} = {FC22B5F6-2C9E-43F1-84C4-A55A045F42A5}
		{F8DECBA6-BC1E-4402-81AC-9651AA59ABA8} = {FC22B5F6-2C9E-43F1-84C4-A55A045F42A5}
		{5C2A020E-2C62-4F25-BD2D-605EA341103E} = {1BBEE777-2368-4328-8E5C-B5EB8B0A00F2}
		{8C520336-ED34-4933-960D-626E84BB670F} = {FC22B5F6-2C9E-43F1-84C4-A55A045F42A5}
	EndGlobalSection
	GlobalSection(ExtensibilityGlobals) = postSolution
		SolutionGuid = {F6378DD8-54E3-4569-91E7-459201718760}
	EndGlobalSection
EndGlobal
